# THIS IS AN AUTOGENERATED FILE. DO NOT EDIT THIS FILE DIRECTLY.
# yarn lockfile v1


turbo-darwin-64@2.0.12:
  version "2.0.12"
  resolved "https://registry.yarnpkg.com/turbo-darwin-64/-/turbo-darwin-64-2.0.12.tgz#3ca5b781adf0bb68a5e35bc70ce35c791ae52145"
  integrity sha512-NAgfgbXxX/JScWQmmQnGbPuFZq7LIswHfcMk5JwyBXQM/xmklNOxxac7MnGGIOf19Z2f6S3qHy17VIj0SeGfnA==

turbo-darwin-arm64@2.0.12:
  version "2.0.12"
  resolved "https://registry.yarnpkg.com/turbo-darwin-arm64/-/turbo-darwin-arm64-2.0.12.tgz#563af59a4629f2741f4e1fda68f47ff756f3c71c"
  integrity sha512-cP02uer5KSJ+fXL+OfRRk5hnVjV0c60hxDgNcJxrZpfhun7HHoKDDR7w2xhQntiA45aC6ZZEXRqMKpj6GAmKbg==

turbo-linux-64@2.0.12:
  version "2.0.12"
  resolved "https://registry.yarnpkg.com/turbo-linux-64/-/turbo-linux-64-2.0.12.tgz#7714dd67f8f8514ef19cce47d42de185c45f52ac"
  integrity sha512-+mQgGfg1eq5qF+wenK/FKJaNMNAo5DQLC4htQy+8osW+fx6U+8+6UlPQPaycAWDEqwOI7NwuqkeHfkEQLQUTyQ==

turbo-linux-arm64@2.0.12:
  version "2.0.12"
  resolved "https://registry.yarnpkg.com/turbo-linux-arm64/-/turbo-linux-arm64-2.0.12.tgz#04f54cddbb80db532151efffec556e363399737d"
  integrity sha512-KFyEZDXfPU1DK4zimxdCcqAcK7IIttX4mfsgB7NsSEOmH0dhHOih/YFYiyEDC1lTRx0C2RlzQ0Kjjdz48AN5Eg==

turbo-windows-64@2.0.12:
  version "2.0.12"
  resolved "https://registry.yarnpkg.com/turbo-windows-64/-/turbo-windows-64-2.0.12.tgz#b10d9190bee532d4989ab7acf637e4643c50eac3"
  integrity sha512-kJj4KCkZTkDTDCqsSw1m1dbO4WeoQq1mYUm/thXOH0OkeqYbSMt0EyoTcJOgKUDsrMnzZD2gPfYrlYHtV69lVA==

turbo-windows-arm64@2.0.12:
  version "2.0.12"
  resolved "https://registry.yarnpkg.com/turbo-windows-arm64/-/turbo-windows-arm64-2.0.12.tgz#35548e30614d6cc15bc4486d609335dfc971cd76"
  integrity sha512-TY3ROxguDilN2olCwcZMaePdW01Xhma0pZU7bNhsQEqca9RGAmsZBuzfGnTMcWPmv4tpnb/PlX1hrt1Hod/44Q==

turbo@^2.0.12:
  version "2.0.12"
  resolved "https://registry.yarnpkg.com/turbo/-/turbo-2.0.12.tgz#0a3221d1cfc83b4631552a18f1b982e84ec3fb0e"
  integrity sha512-8s2KwqjwQj7z8Z53SUZSKVkQOZ2/Sl4D2F440oaBY/k2lGju60dW6srEpnn8/RIDeICZmQn3pQHF79Jfnc5Skw==
  optionalDependencies:
    turbo-darwin-64 "2.0.12"
    turbo-darwin-arm64 "2.0.12"
    turbo-linux-64 "2.0.12"
    turbo-linux-arm64 "2.0.12"
    turbo-windows-64 "2.0.12"
    turbo-windows-arm64 "2.0.12"
